
Microsoft Visual Studio Solution File, Format Version 12.00
# Visual Studio Version 16
VisualStudioVersion = 16.0.30717.126
MinimumVisualStudioVersion = 10.0.40219.1
Project("{FAE04EC0-301F-11D3-BF4B-00C04F79EFBC}") = "01_KomodoCafe_Repository", "01_KomodoCafe_Repository\01_KomodoCafe_Repository.csproj", "{8A21692C-F6EA-47DF-A4A4-4E71AA799D6B}"
EndProject
Project("{FAE04EC0-301F-11D3-BF4B-00C04F79EFBC}") = "01_KomodoCafe_Console", "01_KomodoCafe_Console\01_KomodoCafe_Console.csproj", "{CBFFFBCB-63DA-4F0B-A915-8B43745D6FE7}"
EndProject
Project("{FAE04EC0-301F-11D3-BF4B-00C04F79EFBC}") = "01_KomodoCafe_Tests", "01_KomodoCafe_Tests\01_KomodoCafe_Tests.csproj", "{1ED3BF50-5271-44B6-A056-CBC188B108F3}"
EndProject
Global
	GlobalSection(SolutionConfigurationPlatforms) = preSolution
		Debug|Any CPU = Debug|Any CPU
		Release|Any CPU = Release|Any CPU
	EndGlobalSection
	GlobalSection(ProjectConfigurationPlatforms) = postSolution
		{8A21692C-F6EA-47DF-A4A4-4E71AA799D6B}.Debug|Any CPU.ActiveCfg = Debug|Any CPU
		{8A21692C-F6EA-47DF-A4A4-4E71AA799D6B}.Debug|Any CPU.Build.0 = Debug|Any CPU
		{8A21692C-F6EA-47DF-A4A4-4E71AA799D6B}.Release|Any CPU.ActiveCfg = Release|Any CPU
		{8A21692C-F6EA-47DF-A4A4-4E71AA799D6B}.Release|Any CPU.Build.0 = Release|Any CPU
		{CBFFFBCB-63DA-4F0B-A915-8B43745D6FE7}.Debug|Any CPU.ActiveCfg = Debug|Any CPU
		{CBFFFBCB-63DA-4F0B-A915-8B43745D6FE7}.Debug|Any CPU.Build.0 = Debug|Any CPU
		{CBFFFBCB-63DA-4F0B-A915-8B43745D6FE7}.Release|Any CPU.ActiveCfg = Release|Any CPU
		{CBFFFBCB-63DA-4F0B-A915-8B43745D6FE7}.Release|Any CPU.Build.0 = Release|Any CPU
		{1ED3BF50-5271-44B6-A056-CBC188B108F3}.Debug|Any CPU.ActiveCfg = Debug|Any CPU
		{1ED3BF50-5271-44B6-A056-CBC188B108F3}.Debug|Any CPU.Build.0 = Debug|Any CPU
		{1ED3BF50-5271-44B6-A056-CBC188B108F3}.Release|Any CPU.ActiveCfg = Release|Any CPU
		{1ED3BF50-5271-44B6-A056-CBC188B108F3}.Release|Any CPU.Build.0 = Release|Any CPU
	EndGlobalSection
	GlobalSection(SolutionProperties) = preSolution
		HideSolutionNode = FALSE
	EndGlobalSection
	GlobalSection(ExtensibilityGlobals) = postSolution
		SolutionGuid = {DCFD5973-AE4A-405A-8380-9E985F55BFC5}
	EndGlobalSection
EndGlobal
